
Microsoft Visual Studio Solution File, Format Version 12.00
# Visual Studio Version 16
VisualStudioVersion = 16.0.33328.57
MinimumVisualStudioVersion = 10.0.40219.1
Project("{FAE04EC0-301F-11D3-BF4B-00C04F79EFBC}") = "QLTS", "QLTS\QLTS.csproj", "{02E16054-4658-4907-9A6C-E78DEBC6FA90}"
EndProject
Global
	GlobalSection(SolutionConfigurationPlatforms) = preSolution
		Debug|Any CPU = Debug|Any CPU
		Release|Any CPU = Release|Any CPU
	EndGlobalSection
	GlobalSection(ProjectConfigurationPlatforms) = postSolution
		{02E16054-4658-4907-9A6C-E78DEBC6FA90}.Debug|Any CPU.ActiveCfg = Debug|Any CPU
		{02E16054-4658-4907-9A6C-E78DEBC6FA90}.Debug|Any CPU.Build.0 = Debug|Any CPU
		{02E16054-4658-4907-9A6C-E78DEBC6FA90}.Release|Any CPU.ActiveCfg = Release|Any CPU
		{02E16054-4658-4907-9A6C-E78DEBC6FA90}.Release|Any CPU.Build.0 = Release|Any CPU
	EndGlobalSection
	GlobalSection(SolutionProperties) = preSolution
		HideSolutionNode = FALSE
	EndGlobalSection
	GlobalSection(ExtensibilityGlobals) = postSolution
		SolutionGuid = {A03E2EB2-5303-461A-9FAB-41BD8A6C3FA9}
	EndGlobalSection
EndGlobal
